
Microsoft Visual Studio Solution File, Format Version 12.00
# Visual Studio Version 17
VisualStudioVersion = 17.2.32630.192
MinimumVisualStudioVersion = 10.0.40219.1
Project("{FAE04EC0-301F-11D3-BF4B-00C04F79EFBC}") = "ödev", "Örnek2\ödev.csproj", "{CA562073-7672-4690-AFBD-371D1E73108F}"
EndProject
Global
	GlobalSection(SolutionConfigurationPlatforms) = preSolution
		Debug|Any CPU = Debug|Any CPU
		Release|Any CPU = Release|Any CPU
	EndGlobalSection
	GlobalSection(ProjectConfigurationPlatforms) = postSolution
		{CA562073-7672-4690-AFBD-371D1E73108F}.Debug|Any CPU.ActiveCfg = Debug|Any CPU
		{CA562073-7672-4690-AFBD-371D1E73108F}.Debug|Any CPU.Build.0 = Debug|Any CPU
		{CA562073-7672-4690-AFBD-371D1E73108F}.Release|Any CPU.ActiveCfg = Release|Any CPU
		{CA562073-7672-4690-AFBD-371D1E73108F}.Release|Any CPU.Build.0 = Release|Any CPU
	EndGlobalSection
	GlobalSection(SolutionProperties) = preSolution
		HideSolutionNode = FALSE
	EndGlobalSection
	GlobalSection(ExtensibilityGlobals) = postSolution
		SolutionGuid = {941E92A5-E78E-4F28-A1F7-BB1B84BFF538}
	EndGlobalSection
EndGlobal
